
Microsoft Visual Studio Solution File, Format Version 12.00
# Visual Studio 15
VisualStudioVersion = 15.0.26430.14
MinimumVisualStudioVersion = 10.0.40219.1
Project("{FAE04EC0-301F-11D3-BF4B-00C04F79EFBC}") = "BogusSQL", "BogusSQL\BogusSQL.csproj", "{2A79ED80-4E29-4773-B359-FE026BF47217}"
EndProject
Project("{FAE04EC0-301F-11D3-BF4B-00C04F79EFBC}") = "BogusSQLTest", "BogusSQLTest\BogusSQLTest.csproj", "{6497B16A-8C90-45CC-A10E-4426836B465B}"
EndProject
Global
	GlobalSection(SolutionConfigurationPlatforms) = preSolution
		Debug|Any CPU = Debug|Any CPU
		Release|Any CPU = Release|Any CPU
	EndGlobalSection
	GlobalSection(ProjectConfigurationPlatforms) = postSolution
		{2A79ED80-4E29-4773-B359-FE026BF47217}.Debug|Any CPU.ActiveCfg = Debug|Any CPU
		{2A79ED80-4E29-4773-B359-FE026BF47217}.Debug|Any CPU.Build.0 = Debug|Any CPU
		{2A79ED80-4E29-4773-B359-FE026BF47217}.Release|Any CPU.ActiveCfg = Release|Any CPU
		{2A79ED80-4E29-4773-B359-FE026BF47217}.Release|Any CPU.Build.0 = Release|Any CPU
		{6497B16A-8C90-45CC-A10E-4426836B465B}.Debug|Any CPU.ActiveCfg = Debug|Any CPU
		{6497B16A-8C90-45CC-A10E-4426836B465B}.Debug|Any CPU.Build.0 = Debug|Any CPU
		{6497B16A-8C90-45CC-A10E-4426836B465B}.Release|Any CPU.ActiveCfg = Release|Any CPU
		{6497B16A-8C90-45CC-A10E-4426836B465B}.Release|Any CPU.Build.0 = Release|Any CPU
	EndGlobalSection
	GlobalSection(SolutionProperties) = preSolution
		HideSolutionNode = FALSE
	EndGlobalSection
EndGlobal
